
Microsoft Visual Studio Solution File, Format Version 12.00
# Visual Studio Version 16
VisualStudioVersion = 16.0.29102.190
MinimumVisualStudioVersion = 10.0.40219.1
Project("{FAE04EC0-301F-11D3-BF4B-00C04F79EFBC}") = "Csharp_5", "Csharp_5\Csharp_5.csproj", "{2BC05859-48D3-431B-99BD-F58B2B9892CA}"
EndProject
Global
	GlobalSection(SolutionConfigurationPlatforms) = preSolution
		Debug|Any CPU = Debug|Any CPU
		Release|Any CPU = Release|Any CPU
	EndGlobalSection
	GlobalSection(ProjectConfigurationPlatforms) = postSolution
		{2BC05859-48D3-431B-99BD-F58B2B9892CA}.Debug|Any CPU.ActiveCfg = Debug|Any CPU
		{2BC05859-48D3-431B-99BD-F58B2B9892CA}.Debug|Any CPU.Build.0 = Debug|Any CPU
		{2BC05859-48D3-431B-99BD-F58B2B9892CA}.Release|Any CPU.ActiveCfg = Release|Any CPU
		{2BC05859-48D3-431B-99BD-F58B2B9892CA}.Release|Any CPU.Build.0 = Release|Any CPU
	EndGlobalSection
	GlobalSection(SolutionProperties) = preSolution
		HideSolutionNode = FALSE
	EndGlobalSection
	GlobalSection(ExtensibilityGlobals) = postSolution
		SolutionGuid = {96B0F093-72E9-4935-954F-F8F0E159DACE}
	EndGlobalSection
EndGlobal
