
Microsoft Visual Studio Solution File, Format Version 12.00
# Visual Studio Version 16
VisualStudioVersion = 16.0.29102.190
MinimumVisualStudioVersion = 10.0.40219.1
Project("{FAE04EC0-301F-11D3-BF4B-00C04F79EFBC}") = "PHP", "PHP\PHP.csproj", "{3E133BF9-E161-455B-94A6-CC93B996689D}"
EndProject
Global
	GlobalSection(SolutionConfigurationPlatforms) = preSolution
		Debug|Any CPU = Debug|Any CPU
		Release|Any CPU = Release|Any CPU
	EndGlobalSection
	GlobalSection(ProjectConfigurationPlatforms) = postSolution
		{3E133BF9-E161-455B-94A6-CC93B996689D}.Debug|Any CPU.ActiveCfg = Debug|Any CPU
		{3E133BF9-E161-455B-94A6-CC93B996689D}.Debug|Any CPU.Build.0 = Debug|Any CPU
		{3E133BF9-E161-455B-94A6-CC93B996689D}.Release|Any CPU.ActiveCfg = Release|Any CPU
		{3E133BF9-E161-455B-94A6-CC93B996689D}.Release|Any CPU.Build.0 = Release|Any CPU
	EndGlobalSection
	GlobalSection(SolutionProperties) = preSolution
		HideSolutionNode = FALSE
	EndGlobalSection
	GlobalSection(ExtensibilityGlobals) = postSolution
		SolutionGuid = {EF4DB60C-63B0-4FC8-8FA7-0762257C1194}
	EndGlobalSection
EndGlobal
