
Microsoft Visual Studio Solution File, Format Version 12.00
# Visual Studio Version 16
VisualStudioVersion = 16.0.29102.190
MinimumVisualStudioVersion = 10.0.40219.1
Project("{FAE04EC0-301F-11D3-BF4B-00C04F79EFBC}") = "Csharp_1.1", "Csharp_1.1\Csharp_1.1.csproj", "{DB5242CD-B23A-4103-AEBB-091C5D3E8B3C}"
EndProject
Global
	GlobalSection(SolutionConfigurationPlatforms) = preSolution
		Debug|Any CPU = Debug|Any CPU
		Release|Any CPU = Release|Any CPU
	EndGlobalSection
	GlobalSection(ProjectConfigurationPlatforms) = postSolution
		{DB5242CD-B23A-4103-AEBB-091C5D3E8B3C}.Debug|Any CPU.ActiveCfg = Debug|Any CPU
		{DB5242CD-B23A-4103-AEBB-091C5D3E8B3C}.Debug|Any CPU.Build.0 = Debug|Any CPU
		{DB5242CD-B23A-4103-AEBB-091C5D3E8B3C}.Release|Any CPU.ActiveCfg = Release|Any CPU
		{DB5242CD-B23A-4103-AEBB-091C5D3E8B3C}.Release|Any CPU.Build.0 = Release|Any CPU
	EndGlobalSection
	GlobalSection(SolutionProperties) = preSolution
		HideSolutionNode = FALSE
	EndGlobalSection
	GlobalSection(ExtensibilityGlobals) = postSolution
		SolutionGuid = {A267D4F9-F7EA-46CF-A90D-644DF6AFC3E4}
	EndGlobalSection
EndGlobal
